
Microsoft Visual Studio Solution File, Format Version 12.00
# Visual Studio 15
VisualStudioVersion = 15.0.26124.0
MinimumVisualStudioVersion = 15.0.26124.0
Project("{FAE04EC0-301F-11D3-BF4B-00C04F79EFBC}") = "test.lib", "test.lib\test.lib.csproj", "{0BEA13FC-139A-4F9D-9E43-95F51650FFE2}"
EndProject
Project("{FAE04EC0-301F-11D3-BF4B-00C04F79EFBC}") = "test.xunit", "test.xunit\test.xunit.csproj", "{24B12B61-7C92-4C19-9927-3D7CB35D5A3C}"
EndProject
Global
	GlobalSection(SolutionConfigurationPlatforms) = preSolution
		Debug|Any CPU = Debug|Any CPU
		Debug|x64 = Debug|x64
		Debug|x86 = Debug|x86
		Release|Any CPU = Release|Any CPU
		Release|x64 = Release|x64
		Release|x86 = Release|x86
	EndGlobalSection
	GlobalSection(SolutionProperties) = preSolution
		HideSolutionNode = FALSE
	EndGlobalSection
	GlobalSection(ProjectConfigurationPlatforms) = postSolution
		{0BEA13FC-139A-4F9D-9E43-95F51650FFE2}.Debug|Any CPU.ActiveCfg = Debug|Any CPU
		{0BEA13FC-139A-4F9D-9E43-95F51650FFE2}.Debug|Any CPU.Build.0 = Debug|Any CPU
		{0BEA13FC-139A-4F9D-9E43-95F51650FFE2}.Debug|x64.ActiveCfg = Debug|Any CPU
		{0BEA13FC-139A-4F9D-9E43-95F51650FFE2}.Debug|x64.Build.0 = Debug|Any CPU
		{0BEA13FC-139A-4F9D-9E43-95F51650FFE2}.Debug|x86.ActiveCfg = Debug|Any CPU
		{0BEA13FC-139A-4F9D-9E43-95F51650FFE2}.Debug|x86.Build.0 = Debug|Any CPU
		{0BEA13FC-139A-4F9D-9E43-95F51650FFE2}.Release|Any CPU.ActiveCfg = Release|Any CPU
		{0BEA13FC-139A-4F9D-9E43-95F51650FFE2}.Release|Any CPU.Build.0 = Release|Any CPU
		{0BEA13FC-139A-4F9D-9E43-95F51650FFE2}.Release|x64.ActiveCfg = Release|Any CPU
		{0BEA13FC-139A-4F9D-9E43-95F51650FFE2}.Release|x64.Build.0 = Release|Any CPU
		{0BEA13FC-139A-4F9D-9E43-95F51650FFE2}.Release|x86.ActiveCfg = Release|Any CPU
		{0BEA13FC-139A-4F9D-9E43-95F51650FFE2}.Release|x86.Build.0 = Release|Any CPU
		{24B12B61-7C92-4C19-9927-3D7CB35D5A3C}.Debug|Any CPU.ActiveCfg = Debug|Any CPU
		{24B12B61-7C92-4C19-9927-3D7CB35D5A3C}.Debug|Any CPU.Build.0 = Debug|Any CPU
		{24B12B61-7C92-4C19-9927-3D7CB35D5A3C}.Debug|x64.ActiveCfg = Debug|Any CPU
		{24B12B61-7C92-4C19-9927-3D7CB35D5A3C}.Debug|x64.Build.0 = Debug|Any CPU
		{24B12B61-7C92-4C19-9927-3D7CB35D5A3C}.Debug|x86.ActiveCfg = Debug|Any CPU
		{24B12B61-7C92-4C19-9927-3D7CB35D5A3C}.Debug|x86.Build.0 = Debug|Any CPU
		{24B12B61-7C92-4C19-9927-3D7CB35D5A3C}.Release|Any CPU.ActiveCfg = Release|Any CPU
		{24B12B61-7C92-4C19-9927-3D7CB35D5A3C}.Release|Any CPU.Build.0 = Release|Any CPU
		{24B12B61-7C92-4C19-9927-3D7CB35D5A3C}.Release|x64.ActiveCfg = Release|Any CPU
		{24B12B61-7C92-4C19-9927-3D7CB35D5A3C}.Release|x64.Build.0 = Release|Any CPU
		{24B12B61-7C92-4C19-9927-3D7CB35D5A3C}.Release|x86.ActiveCfg = Release|Any CPU
		{24B12B61-7C92-4C19-9927-3D7CB35D5A3C}.Release|x86.Build.0 = Release|Any CPU
	EndGlobalSection
EndGlobal
